Microsoft Visual Studio Solution File, Format Version 12.00
# Visual Studio 2013
VisualStudioVersion = 12.0.40629.0
MinimumVisualStudioVersion = 10.0.40219.1
Project("{FAE04EC0-301F-11D3-BF4B-00C04F79EFBC}") = "SimpleWorkbook", "SimpleWorkbook\SimpleWorkbook.csproj", "{46D197B5-F4D4-4513-BE4B-D8C49CB38031}"
EndProject
Project("{F184B08F-C81C-45F6-A57F-5ABD9991F28F}") = "VBSimpleWorkbook", "VBSimpleWorkbook\VBSimpleWorkbook.vbproj", "{5EBDA086-AD37-427C-8C40-C26B61093710}"
EndProject
Project("{FAE04EC0-301F-11D3-BF4B-00C04F79EFBC}") = "SumCells", "SumCells\SumCells.csproj", "{012565C5-12C8-4085-A570-EED0DC760224}"
EndProject
Project("{F184B08F-C81C-45F6-A57F-5ABD9991F28F}") = "VBSumCells", "VBSumCells\VBSumCells.vbproj", "{959E04A1-5CB8-43A4-A5C8-A1E96830CAB1}"
EndProject
Project("{FAE04EC0-301F-11D3-BF4B-00C04F79EFBC}") = "SetCellColor", "SetCellColor\SetCellColor.csproj", "{13C6F01D-EFFE-4119-8F34-203D8AB9A5DB}"
EndProject
Project("{F184B08F-C81C-45F6-A57F-5ABD9991F28F}") = "VBSetCellColor", "VBSetCellColor\VBSetCellColor.vbproj", "{80147601-6B2F-4ACB-BA20-32325254831C}"
EndProject
Project("{FAE04EC0-301F-11D3-BF4B-00C04F79EFBC}") = "MergeCells", "MergeCells\MergeCells.csproj", "{5826883F-6FCB-40B8-854C-9048BC9A809E}"
EndProject
Project("{F184B08F-C81C-45F6-A57F-5ABD9991F28F}") = "VBMergeCells", "VBMergeCells\VBMergeCells.vbproj", "{A8359405-EA21-49B9-A464-FEF3C5E4F6FC}"
EndProject
Project("{FAE04EC0-301F-11D3-BF4B-00C04F79EFBC}") = "SetColumnWidth", "SetColumnWidth\SetColumnWidth.csproj", "{B95FFF22-9B3E-4234-9FA0-7F913C7B0035}"
EndProject
Project("{F184B08F-C81C-45F6-A57F-5ABD9991F28F}") = "VBSetColumnWidth", "VBSetColumnWidth\VBSetColumnWidth.vbproj", "{6BC187B7-BD75-42E4-97F9-E9B9FD4A8F22}"
EndProject
Project("{FAE04EC0-301F-11D3-BF4B-00C04F79EFBC}") = "InsertCellComment", "InsertCellComment\InsertCellComment.csproj", "{032B1CCF-366C-43A9-9FCB-5A27766CE3E3}"
EndProject
Project("{F184B08F-C81C-45F6-A57F-5ABD9991F28F}") = "VBInsertCellComment", "VBInsertCellComment\VBInsertCellComment.vbproj", "{8F5EC306-E18F-4539-AB4D-B1D3B0C35C9B}"
EndProject
Project("{FAE04EC0-301F-11D3-BF4B-00C04F79EFBC}") = "ConditionalFormatting", "ConditionalFormatting\ConditionalFormatting.csproj", "{E284F45C-8D65-438F-A574-F699243133E4}"
EndProject
Project("{F184B08F-C81C-45F6-A57F-5ABD9991F28F}") = "VBConditionalFormatting", "VBConditionalFormatting\VBConditionalFormatting.vbproj", "{E4C0B2EF-BBCF-494A-A7C1-71F6E06B399E}"
EndProject
Project("{FAE04EC0-301F-11D3-BF4B-00C04F79EFBC}") = "CreateHyperlink", "CreateHyperlink\CreateHyperlink.csproj", "{E2890B44-5BF1-4E59-B3D9-C9B16D98BCAC}"
EndProject
Project("{F184B08F-C81C-45F6-A57F-5ABD9991F28F}") = "VBCreateHyperlink", "VBCreateHyperlink\VBCreateHyperlink.vbproj", "{8FC2B221-32E1-45A2-83F0-C19C9B19DF1B}"
EndProject
Project("{FAE04EC0-301F-11D3-BF4B-00C04F79EFBC}") = "SetCellFormat", "SetCellFormat\SetCellFormat.csproj", "{AA2DC39C-57F2-4895-B912-98E169534599}"
EndProject
Project("{F184B08F-C81C-45F6-A57F-5ABD9991F28F}") = "VBSetCellFormat", "VBSetCellFormat\VBSetCellFormat.vbproj", "{69146A27-E118-45B2-AF09-AC66E357C369}"
EndProject
Project("{FAE04EC0-301F-11D3-BF4B-00C04F79EFBC}") = "NameRange", "NameRange\NameRange.csproj", "{7622C313-945E-41A6-A41A-53779B1AE61A}"
EndProject
Project("{F184B08F-C81C-45F6-A57F-5ABD9991F28F}") = "VBNameRange", "VBNameRange\VBNameRange.vbproj", "{B920D658-BCF6-43E0-B9CC-B500A9186DED}"
EndProject
Project("{FAE04EC0-301F-11D3-BF4B-00C04F79EFBC}") = "DisplayCellValues", "DisplayCellValues\DisplayCellValues.csproj", "{4A137AB5-EFEF-4BC7-9E75-2DC2262A507C}"
EndProject
Project("{F184B08F-C81C-45F6-A57F-5ABD9991F28F}") = "VBDisplayCellValues", "VBDisplayCellValues\VBDisplayCellValues.vbproj", "{D5965222-1B8F-4783-A811-603F647A9BAB}"
EndProject
Project("{FAE04EC0-301F-11D3-BF4B-00C04F79EFBC}") = "DisplayCellValues2", "DisplayCellValues2\DisplayCellValues2.csproj", "{A4349745-C7C1-4D13-A675-06DD120590B2}"
EndProject
Project("{F184B08F-C81C-45F6-A57F-5ABD9991F28F}") = "VBDisplayCellValues2", "VBDisplayCellValues2\VBDisplayCellValues2.vbproj", "{EDBBC5A9-AC03-41D3-B6A5-50892519844F}"
EndProject
Project("{FAE04EC0-301F-11D3-BF4B-00C04F79EFBC}") = "CreateTable", "CreateTable\CreateTable.csproj", "{D0A8C0D5-42BE-482B-93A6-7346252F64CB}"
EndProject
Project("{F184B08F-C81C-45F6-A57F-5ABD9991F28F}") = "VBCreateTable", "VBCreateTable\VBCreateTable.vbproj", "{B22ADA4C-FA37-414E-B2AE-8D621909A39B}"
EndProject
Project("{FAE04EC0-301F-11D3-BF4B-00C04F79EFBC}") = "ProtectWorksheet", "ProtectWorksheet\ProtectWorksheet.csproj", "{75094544-AA62-4B73-BC86-EB25D49676DB}"
EndProject
Project("{F184B08F-C81C-45F6-A57F-5ABD9991F28F}") = "VBProtectWorksheet", "VBProtectWorksheet\VBProtectWorksheet.vbproj", "{A101CE43-A583-48FE-B142-65094B5A5D14}"
EndProject
Project("{FAE04EC0-301F-11D3-BF4B-00C04F79EFBC}") = "InsertTextBox", "InsertTextBox\InsertTextBox.csproj", "{19C77A4C-0B59-4F0D-9C4B-0568DE023EE5}"
EndProject
Project("{F184B08F-C81C-45F6-A57F-5ABD9991F28F}") = "VBInsertTextBox", "VBInsertTextBox\VBInsertTextBox.vbproj", "{D0C721FD-442F-4494-BEB8-38194B12B4D7}"
EndProject
Project("{FAE04EC0-301F-11D3-BF4B-00C04F79EFBC}") = "InsertBackgroundImage", "InsertBackgroundImage\InsertBackgroundImage.csproj", "{F1B61A03-9285-420D-BC3F-0AF153EFA53E}"
EndProject
Project("{F184B08F-C81C-45F6-A57F-5ABD9991F28F}") = "VBInsertBackgroundImage", "VBInsertBackgroundImage\VBInsertBackgroundImage.vbproj", "{B22C81F4-A925-4489-8D66-ECF4C5229364}"
EndProject
Project("{FAE04EC0-301F-11D3-BF4B-00C04F79EFBC}") = "Create3DPieChart", "Create3DPieChart\Create3DPieChart.csproj", "{96F09CB5-5429-4C5F-88AE-CD094325194C}"
EndProject
Project("{FAE04EC0-301F-11D3-BF4B-00C04F79EFBC}") = "CreatePieChart", "CreatePieChart\CreatePieChart.csproj", "{34B3AE6E-974E-4D89-8016-F65B1375A292}"
EndProject
Project("{F184B08F-C81C-45F6-A57F-5ABD9991F28F}") = "VBCreatePieChart", "VBCreatePieChart\VBCreatePieChart.vbproj", "{096B9AC2-DF47-4A9F-A269-29055971E014}"
EndProject
Project("{F184B08F-C81C-45F6-A57F-5ABD9991F28F}") = "VBCreate3DPieChart", "VBCreate3DPieChart\VBCreate3DPieChart.vbproj", "{0E3CD460-F457-40CC-863A-4503C5461780}"
EndProject
Project("{FAE04EC0-301F-11D3-BF4B-00C04F79EFBC}") = "CreatePivotTable", "CreatePivotTable\CreatePivotTable.csproj", "{DFB04A65-9E85-4B45-817B-3C198F101DA6}"
EndProject
Project("{FAE04EC0-301F-11D3-BF4B-00C04F79EFBC}") = "SetPageSize", "SetPageSize\SetPageSize.csproj", "{4CFD3778-98EC-4D7B-9250-C20C02F4D9C2}"
EndProject
Project("{F184B08F-C81C-45F6-A57F-5ABD9991F28F}") = "VBSetPageSize", "VBSetPageSize\VBSetPageSize.vbproj", "{308193F1-55ED-424A-910D-96F89F3D7CBC}"
EndProject
Project("{FAE04EC0-301F-11D3-BF4B-00C04F79EFBC}") = "SetRowHeight", "SetRowHeight\SetRowHeight.csproj", "{5F63EFA9-59A0-4A54-B022-B236058ACD83}"
EndProject
Project("{F184B08F-C81C-45F6-A57F-5ABD9991F28F}") = "VBSetRowHeight", "VBSetRowHeight\VBSetRowHeight.vbproj", "{323F75A7-A02D-4FFA-9954-0C32B1975F0D}"
EndProject
Project("{F184B08F-C81C-45F6-A57F-5ABD9991F28F}") = "VBCreatePivotTable", "VBCreatePivotTable\VBCreatePivotTable.vbproj", "{84508AD1-1ADD-4BF6-B714-2CE81A60A78E}"
EndProject
Project("{FAE04EC0-301F-11D3-BF4B-00C04F79EFBC}") = "FreezePanes", "FreezePanes\FreezePanes.csproj", "{FC3A9074-BFDA-49DC-B6E2-62B91246756C}"
EndProject
Project("{F184B08F-C81C-45F6-A57F-5ABD9991F28F}") = "VBFreezePanes", "VBFreezePanes\VBFreezePanes.vbproj", "{2F738484-D50C-4018-9B2A-7426A178CA52}"
EndProject
Project("{FAE04EC0-301F-11D3-BF4B-00C04F79EFBC}") = "InsertComboBox", "InsertComboBox\InsertComboBox.csproj", "{83219E33-0B42-412E-B4E0-3214261EE03C}"
EndProject
Project("{F184B08F-C81C-45F6-A57F-5ABD9991F28F}") = "VBInsertComboBox", "VBInsertComboBox\VBInsertComboBox.vbproj", "{1DDABB01-D233-4AFB-9A07-5D464651B592}"
EndProject
Project("{FAE04EC0-301F-11D3-BF4B-00C04F79EFBC}") = "EnumerateDefinedNames", "EnumerateDefinedNames\EnumerateDefinedNames.csproj", "{5B20F054-9B62-4A16-86D7-49F1843E016C}"
EndProject
Project("{F184B08F-C81C-45F6-A57F-5ABD9991F28F}") = "VBEnumerateDefinedNames", "VBEnumerateDefinedNames\VBEnumerateDefinedNames.vbproj", "{090FC2AD-C793-446F-B376-22A809904875}"
EndProject
Project("{FAE04EC0-301F-11D3-BF4B-00C04F79EFBC}") = "CreateBarChart", "CreateBarChart\CreateBarChart.csproj", "{4A4B6B7B-0B66-4F1C-8B7A-3A3DEEF28809}"
EndProject
Project("{FAE04EC0-301F-11D3-BF4B-00C04F79EFBC}") = "InsertImage", "InsertImage\InsertImage.csproj", "{455A3481-8E5C-4BCE-8AF6-2262B5F834AA}"
EndProject
Project("{F184B08F-C81C-45F6-A57F-5ABD9991F28F}") = "VBCreateBarChart", "VBCreateBarChart\VBCreateBarChart.vbproj", "{38CF1218-8EB6-484E-8431-24EC143FD608}"
EndProject
Project("{F184B08F-C81C-45F6-A57F-5ABD9991F28F}") = "VBInsertImage", "VBInsertImage\VBInsertImage.vbproj", "{F18D356C-AA69-4142-AEED-EA3B74DB9191}"
EndProject
Project("{FAE04EC0-301F-11D3-BF4B-00C04F79EFBC}") = "DataValidation", "DataValidation\DataValidation.csproj", "{DD69FB63-6159-4F7B-A8F4-965D1D14CEAF}"
EndProject
Project("{F184B08F-C81C-45F6-A57F-5ABD9991F28F}") = "VBDataValidation", "VBDataValidation\VBDataValidation.vbproj", "{FB7FC3EE-AA62-44DC-9689-20685E10D955}"
EndProject
Project("{FAE04EC0-301F-11D3-BF4B-00C04F79EFBC}") = "MySpreadsheet", "MySpreadsheet\MySpreadsheet.csproj", "{90769F3C-80A0-4CE2-82D8-D74E60802DB4}"
EndProject
Project("{F184B08F-C81C-45F6-A57F-5ABD9991F28F}") = "VBMySpreadsheet", "VBMySpreadsheet\VBMySpreadsheet.vbproj", "{5980AC1B-F444-462E-A98B-D286E594D46B}"
EndProject
Project("{FAE04EC0-301F-11D3-BF4B-00C04F79EFBC}") = "CellLink", "CellLink\CellLink.csproj", "{CC0B5E51-3628-4609-A11D-8CBD22783495}"
EndProject
Project("{F184B08F-C81C-45F6-A57F-5ABD9991F28F}") = "VBCellLink", "VBCellLink\VBCellLink.vbproj", "{5CB97DC1-C1D6-460F-A049-BC1BE7862FE1}"
EndProject
Project("{FAE04EC0-301F-11D3-BF4B-00C04F79EFBC}") = "CellFillColor", "CellFillColor\CellFillColor.csproj", "{576E7DC6-B60B-4F96-83B0-2A7AEA94EA3C}"
EndProject
Project("{F184B08F-C81C-45F6-A57F-5ABD9991F28F}") = "VBCellFillColor", "VBCellFillColor\VBCellFillColor.vbproj", "{B709C59D-59AD-4B9B-846A-4CDD18D87F15}"
EndProject
Project("{FAE04EC0-301F-11D3-BF4B-00C04F79EFBC}") = "WorksheetHeader", "WorksheetHeader\WorksheetHeader.csproj", "{507E6BA9-935E-4291-A5F6-C524B60A3B7E}"
EndProject
Project("{F184B08F-C81C-45F6-A57F-5ABD9991F28F}") = "VBWorksheetHeader", "VBWorksheetHeader\VBWorksheetHeader.vbproj", "{3975FDE6-9C7D-4273-9F6F-EBA3964F7004}"
EndProject
Project("{FAE04EC0-301F-11D3-BF4B-00C04F79EFBC}") = "PrintArea", "PrintArea\PrintArea.csproj", "{F9FCA429-06DE-41C2-AAD0-99B92E4F3F9A}"
EndProject
Project("{F184B08F-C81C-45F6-A57F-5ABD9991F28F}") = "VBPrintArea", "VBPrintArea\VBPrintArea.vbproj", "{E7A6A0B7-81E9-406F-8EAF-3F79154DAB32}"
EndProject
Project("{FAE04EC0-301F-11D3-BF4B-00C04F79EFBC}") = "SuperscriptText", "SuperscriptText\SuperscriptText.csproj", "{F58DBBA7-727F-4155-802C-E205FCAB41D4}"
EndProject
Project("{F184B08F-C81C-45F6-A57F-5ABD9991F28F}") = "VBSuperscriptText", "VBSuperscriptText\VBSuperscriptText.vbproj", "{A1191BE2-9E28-4957-A6D5-047CDD163E05}"
EndProject
Project("{FAE04EC0-301F-11D3-BF4B-00C04F79EFBC}") = "PageSetup", "PageSetup\PageSetup.csproj", "{3B632A45-2DBB-417D-9040-F8EA6339BBCC}"
EndProject
Project("{F184B08F-C81C-45F6-A57F-5ABD9991F28F}") = "VBPageSetup", "VBPageSetup\VBPageSetup.vbproj", "{1A7FB670-4C67-47BE-890C-02EEE54FD540}"
EndProject
Project("{FAE04EC0-301F-11D3-BF4B-00C04F79EFBC}") = "InsertLine", "InsertLine\InsertLine.csproj", "{5D83F979-DB86-4C04-99C2-8AB763FBFEA1}"
EndProject
Project("{F184B08F-C81C-45F6-A57F-5ABD9991F28F}") = "VBInsertLine", "VBInsertLine\VBInsertLine.vbproj", "{A8DAFEB8-4AB2-4B6C-8EAF-486A4D7F9F35}"
EndProject
Project("{FAE04EC0-301F-11D3-BF4B-00C04F79EFBC}") = "CellBorder", "CellBorder\CellBorder.csproj", "{022138D0-AE79-42C6-B76F-8D211CECEC13}"
EndProject
Project("{F184B08F-C81C-45F6-A57F-5ABD9991F28F}") = "VBCellBorder", "VBCellBorder\VBCellBorder.vbproj", "{64D553A5-7824-4405-A3B6-943B4E344816}"
EndProject
Project("{FAE04EC0-301F-11D3-BF4B-00C04F79EFBC}") = "CloneSheet", "CloneSheet\CloneSheet.csproj", "{63184AD7-C2E8-45AF-8378-A0EFA8C8DE75}"
EndProject
Project("{F184B08F-C81C-45F6-A57F-5ABD9991F28F}") = "VBCloneSheet", "VBCloneSheet\VBCloneSheet.vbproj", "{76525283-4997-4546-ACF4-9512C05BF33A}"
EndProject
Project("{FAE04EC0-301F-11D3-BF4B-00C04F79EFBC}") = "Grouping", "Grouping\Grouping.csproj", "{FFDF4310-679A-44FD-B2F1-72B6B41C36AB}"
EndProject
Project("{F184B08F-C81C-45F6-A57F-5ABD9991F28F}") = "VBGrouping", "VBGrouping\VBGrouping.vbproj", "{FA3AA089-DEE5-4428-A880-EDDBAD653A63}"
EndProject
Project("{FAE04EC0-301F-11D3-BF4B-00C04F79EFBC}") = "HiddenSheet", "HiddenSheet\HiddenSheet.csproj", "{420786AA-92DC-4B19-A8E3-67293C4EF388}"
EndProject
Project("{F184B08F-C81C-45F6-A57F-5ABD9991F28F}") = "VBHiddenSheet", "VBHiddenSheet\VBHiddenSheet.vbproj", "{5B28FD95-7804-4DF4-A3A8-5F7641FD4B3C}"
EndProject
Project("{FAE04EC0-301F-11D3-BF4B-00C04F79EFBC}") = "GetRichText", "GetRichText\GetRichText.csproj", "{66628880-5E09-46B2-B805-BFD45ED142B3}"
EndProject
Project("{F184B08F-C81C-45F6-A57F-5ABD9991F28F}") = "VBGetRichText", "VBGetRichText\VBGetRichText.vbproj", "{B05820A4-0171-4BA5-92FF-3F491C7ACDEC}"
EndProject
Global
	GlobalSection(SolutionConfigurationPlatforms) = preSolution
		Debug|Any CPU = Debug|Any CPU
		Release|Any CPU = Release|Any CPU
	EndGlobalSection
	GlobalSection(ProjectConfigurationPlatforms) = postSolution
		{46D197B5-F4D4-4513-BE4B-D8C49CB38031}.Debug|Any CPU.ActiveCfg = Debug|Any CPU
		{46D197B5-F4D4-4513-BE4B-D8C49CB38031}.Debug|Any CPU.Build.0 = Debug|Any CPU
		{46D197B5-F4D4-4513-BE4B-D8C49CB38031}.Release|Any CPU.ActiveCfg = Release|Any CPU
		{46D197B5-F4D4-4513-BE4B-D8C49CB38031}.Release|Any CPU.Build.0 = Release|Any CPU
		{5EBDA086-AD37-427C-8C40-C26B61093710}.Debug|Any CPU.ActiveCfg = Debug|Any CPU
		{5EBDA086-AD37-427C-8C40-C26B61093710}.Debug|Any CPU.Build.0 = Debug|Any CPU
		{5EBDA086-AD37-427C-8C40-C26B61093710}.Release|Any CPU.ActiveCfg = Release|Any CPU
		{5EBDA086-AD37-427C-8C40-C26B61093710}.Release|Any CPU.Build.0 = Release|Any CPU
		{012565C5-12C8-4085-A570-EED0DC760224}.Debug|Any CPU.ActiveCfg = Debug|Any CPU
		{012565C5-12C8-4085-A570-EED0DC760224}.Debug|Any CPU.Build.0 = Debug|Any CPU
		{012565C5-12C8-4085-A570-EED0DC760224}.Release|Any CPU.ActiveCfg = Release|Any CPU
		{012565C5-12C8-4085-A570-EED0DC760224}.Release|Any CPU.Build.0 = Release|Any CPU
		{959E04A1-5CB8-43A4-A5C8-A1E96830CAB1}.Debug|Any CPU.ActiveCfg = Debug|Any CPU
		{959E04A1-5CB8-43A4-A5C8-A1E96830CAB1}.Debug|Any CPU.Build.0 = Debug|Any CPU
		{959E04A1-5CB8-43A4-A5C8-A1E96830CAB1}.Release|Any CPU.ActiveCfg = Release|Any CPU
		{959E04A1-5CB8-43A4-A5C8-A1E96830CAB1}.Release|Any CPU.Build.0 = Release|Any CPU
		{13C6F01D-EFFE-4119-8F34-203D8AB9A5DB}.Debug|Any CPU.ActiveCfg = Debug|Any CPU
		{13C6F01D-EFFE-4119-8F34-203D8AB9A5DB}.Debug|Any CPU.Build.0 = Debug|Any CPU
		{13C6F01D-EFFE-4119-8F34-203D8AB9A5DB}.Release|Any CPU.ActiveCfg = Release|Any CPU
		{13C6F01D-EFFE-4119-8F34-203D8AB9A5DB}.Release|Any CPU.Build.0 = Release|Any CPU
		{80147601-6B2F-4ACB-BA20-32325254831C}.Debug|Any CPU.ActiveCfg = Debug|Any CPU
		{80147601-6B2F-4ACB-BA20-32325254831C}.Debug|Any CPU.Build.0 = Debug|Any CPU
		{80147601-6B2F-4ACB-BA20-32325254831C}.Release|Any CPU.ActiveCfg = Release|Any CPU
		{80147601-6B2F-4ACB-BA20-32325254831C}.Release|Any CPU.Build.0 = Release|Any CPU
		{5826883F-6FCB-40B8-854C-9048BC9A809E}.Debug|Any CPU.ActiveCfg = Debug|Any CPU
		{5826883F-6FCB-40B8-854C-9048BC9A809E}.Debug|Any CPU.Build.0 = Debug|Any CPU
		{5826883F-6FCB-40B8-854C-9048BC9A809E}.Release|Any CPU.ActiveCfg = Release|Any CPU
		{5826883F-6FCB-40B8-854C-9048BC9A809E}.Release|Any CPU.Build.0 = Release|Any CPU
		{A8359405-EA21-49B9-A464-FEF3C5E4F6FC}.Debug|Any CPU.ActiveCfg = Debug|Any CPU
		{A8359405-EA21-49B9-A464-FEF3C5E4F6FC}.Debug|Any CPU.Build.0 = Debug|Any CPU
		{A8359405-EA21-49B9-A464-FEF3C5E4F6FC}.Release|Any CPU.ActiveCfg = Release|Any CPU
		{A8359405-EA21-49B9-A464-FEF3C5E4F6FC}.Release|Any CPU.Build.0 = Release|Any CPU
		{B95FFF22-9B3E-4234-9FA0-7F913C7B0035}.Debug|Any CPU.ActiveCfg = Debug|Any CPU
		{B95FFF22-9B3E-4234-9FA0-7F913C7B0035}.Debug|Any CPU.Build.0 = Debug|Any CPU
		{B95FFF22-9B3E-4234-9FA0-7F913C7B0035}.Release|Any CPU.ActiveCfg = Release|Any CPU
		{B95FFF22-9B3E-4234-9FA0-7F913C7B0035}.Release|Any CPU.Build.0 = Release|Any CPU
		{6BC187B7-BD75-42E4-97F9-E9B9FD4A8F22}.Debug|Any CPU.ActiveCfg = Debug|Any CPU
		{6BC187B7-BD75-42E4-97F9-E9B9FD4A8F22}.Debug|Any CPU.Build.0 = Debug|Any CPU
		{6BC187B7-BD75-42E4-97F9-E9B9FD4A8F22}.Release|Any CPU.ActiveCfg = Release|Any CPU
		{6BC187B7-BD75-42E4-97F9-E9B9FD4A8F22}.Release|Any CPU.Build.0 = Release|Any CPU
		{032B1CCF-366C-43A9-9FCB-5A27766CE3E3}.Debug|Any CPU.ActiveCfg = Debug|Any CPU
		{032B1CCF-366C-43A9-9FCB-5A27766CE3E3}.Debug|Any CPU.Build.0 = Debug|Any CPU
		{032B1CCF-366C-43A9-9FCB-5A27766CE3E3}.Release|Any CPU.ActiveCfg = Release|Any CPU
		{032B1CCF-366C-43A9-9FCB-5A27766CE3E3}.Release|Any CPU.Build.0 = Release|Any CPU
		{8F5EC306-E18F-4539-AB4D-B1D3B0C35C9B}.Debug|Any CPU.ActiveCfg = Debug|Any CPU
		{8F5EC306-E18F-4539-AB4D-B1D3B0C35C9B}.Debug|Any CPU.Build.0 = Debug|Any CPU
		{8F5EC306-E18F-4539-AB4D-B1D3B0C35C9B}.Release|Any CPU.ActiveCfg = Release|Any CPU
		{8F5EC306-E18F-4539-AB4D-B1D3B0C35C9B}.Release|Any CPU.Build.0 = Release|Any CPU
		{E284F45C-8D65-438F-A574-F699243133E4}.Debug|Any CPU.ActiveCfg = Debug|Any CPU
		{E284F45C-8D65-438F-A574-F699243133E4}.Debug|Any CPU.Build.0 = Debug|Any CPU
		{E284F45C-8D65-438F-A574-F699243133E4}.Release|Any CPU.ActiveCfg = Release|Any CPU
		{E284F45C-8D65-438F-A574-F699243133E4}.Release|Any CPU.Build.0 = Release|Any CPU
		{E4C0B2EF-BBCF-494A-A7C1-71F6E06B399E}.Debug|Any CPU.ActiveCfg = Debug|Any CPU
		{E4C0B2EF-BBCF-494A-A7C1-71F6E06B399E}.Debug|Any CPU.Build.0 = Debug|Any CPU
		{E4C0B2EF-BBCF-494A-A7C1-71F6E06B399E}.Release|Any CPU.ActiveCfg = Release|Any CPU
		{E4C0B2EF-BBCF-494A-A7C1-71F6E06B399E}.Release|Any CPU.Build.0 = Release|Any CPU
		{E2890B44-5BF1-4E59-B3D9-C9B16D98BCAC}.Debug|Any CPU.ActiveCfg = Debug|Any CPU
		{E2890B44-5BF1-4E59-B3D9-C9B16D98BCAC}.Debug|Any CPU.Build.0 = Debug|Any CPU
		{E2890B44-5BF1-4E59-B3D9-C9B16D98BCAC}.Release|Any CPU.ActiveCfg = Release|Any CPU
		{E2890B44-5BF1-4E59-B3D9-C9B16D98BCAC}.Release|Any CPU.Build.0 = Release|Any CPU
		{8FC2B221-32E1-45A2-83F0-C19C9B19DF1B}.Debug|Any CPU.ActiveCfg = Debug|Any CPU
		{8FC2B221-32E1-45A2-83F0-C19C9B19DF1B}.Debug|Any CPU.Build.0 = Debug|Any CPU
		{8FC2B221-32E1-45A2-83F0-C19C9B19DF1B}.Release|Any CPU.ActiveCfg = Release|Any CPU
		{8FC2B221-32E1-45A2-83F0-C19C9B19DF1B}.Release|Any CPU.Build.0 = Release|Any CPU
		{AA2DC39C-57F2-4895-B912-98E169534599}.Debug|Any CPU.ActiveCfg = Debug|Any CPU
		{AA2DC39C-57F2-4895-B912-98E169534599}.Debug|Any CPU.Build.0 = Debug|Any CPU
		{AA2DC39C-57F2-4895-B912-98E169534599}.Release|Any CPU.ActiveCfg = Release|Any CPU
		{AA2DC39C-57F2-4895-B912-98E169534599}.Release|Any CPU.Build.0 = Release|Any CPU
		{69146A27-E118-45B2-AF09-AC66E357C369}.Debug|Any CPU.ActiveCfg = Debug|Any CPU
		{69146A27-E118-45B2-AF09-AC66E357C369}.Debug|Any CPU.Build.0 = Debug|Any CPU
		{69146A27-E118-45B2-AF09-AC66E357C369}.Release|Any CPU.ActiveCfg = Release|Any CPU
		{69146A27-E118-45B2-AF09-AC66E357C369}.Release|Any CPU.Build.0 = Release|Any CPU
		{7622C313-945E-41A6-A41A-53779B1AE61A}.Debug|Any CPU.ActiveCfg = Debug|Any CPU
		{7622C313-945E-41A6-A41A-53779B1AE61A}.Debug|Any CPU.Build.0 = Debug|Any CPU
		{7622C313-945E-41A6-A41A-53779B1AE61A}.Release|Any CPU.ActiveCfg = Release|Any CPU
		{7622C313-945E-41A6-A41A-53779B1AE61A}.Release|Any CPU.Build.0 = Release|Any CPU
		{B920D658-BCF6-43E0-B9CC-B500A9186DED}.Debug|Any CPU.ActiveCfg = Debug|Any CPU
		{B920D658-BCF6-43E0-B9CC-B500A9186DED}.Debug|Any CPU.Build.0 = Debug|Any CPU
		{B920D658-BCF6-43E0-B9CC-B500A9186DED}.Release|Any CPU.ActiveCfg = Release|Any CPU
		{B920D658-BCF6-43E0-B9CC-B500A9186DED}.Release|Any CPU.Build.0 = Release|Any CPU
		{4A137AB5-EFEF-4BC7-9E75-2DC2262A507C}.Debug|Any CPU.ActiveCfg = Debug|Any CPU
		{4A137AB5-EFEF-4BC7-9E75-2DC2262A507C}.Debug|Any CPU.Build.0 = Debug|Any CPU
		{4A137AB5-EFEF-4BC7-9E75-2DC2262A507C}.Release|Any CPU.ActiveCfg = Release|Any CPU
		{4A137AB5-EFEF-4BC7-9E75-2DC2262A507C}.Release|Any CPU.Build.0 = Release|Any CPU
		{D5965222-1B8F-4783-A811-603F647A9BAB}.Debug|Any CPU.ActiveCfg = Debug|Any CPU
		{D5965222-1B8F-4783-A811-603F647A9BAB}.Debug|Any CPU.Build.0 = Debug|Any CPU
		{D5965222-1B8F-4783-A811-603F647A9BAB}.Release|Any CPU.ActiveCfg = Release|Any CPU
		{D5965222-1B8F-4783-A811-603F647A9BAB}.Release|Any CPU.Build.0 = Release|Any CPU
		{A4349745-C7C1-4D13-A675-06DD120590B2}.Debug|Any CPU.ActiveCfg = Debug|Any CPU
		{A4349745-C7C1-4D13-A675-06DD120590B2}.Debug|Any CPU.Build.0 = Debug|Any CPU
		{A4349745-C7C1-4D13-A675-06DD120590B2}.Release|Any CPU.ActiveCfg = Release|Any CPU
		{A4349745-C7C1-4D13-A675-06DD120590B2}.Release|Any CPU.Build.0 = Release|Any CPU
		{EDBBC5A9-AC03-41D3-B6A5-50892519844F}.Debug|Any CPU.ActiveCfg = Debug|Any CPU
		{EDBBC5A9-AC03-41D3-B6A5-50892519844F}.Debug|Any CPU.Build.0 = Debug|Any CPU
		{EDBBC5A9-AC03-41D3-B6A5-50892519844F}.Release|Any CPU.ActiveCfg = Release|Any CPU
		{EDBBC5A9-AC03-41D3-B6A5-50892519844F}.Release|Any CPU.Build.0 = Release|Any CPU
		{D0A8C0D5-42BE-482B-93A6-7346252F64CB}.Debug|Any CPU.ActiveCfg = Debug|Any CPU
		{D0A8C0D5-42BE-482B-93A6-7346252F64CB}.Debug|Any CPU.Build.0 = Debug|Any CPU
		{D0A8C0D5-42BE-482B-93A6-7346252F64CB}.Release|Any CPU.ActiveCfg = Release|Any CPU
		{D0A8C0D5-42BE-482B-93A6-7346252F64CB}.Release|Any CPU.Build.0 = Release|Any CPU
		{B22ADA4C-FA37-414E-B2AE-8D621909A39B}.Debug|Any CPU.ActiveCfg = Debug|Any CPU
		{B22ADA4C-FA37-414E-B2AE-8D621909A39B}.Debug|Any CPU.Build.0 = Debug|Any CPU
		{B22ADA4C-FA37-414E-B2AE-8D621909A39B}.Release|Any CPU.ActiveCfg = Release|Any CPU
		{B22ADA4C-FA37-414E-B2AE-8D621909A39B}.Release|Any CPU.Build.0 = Release|Any CPU
		{75094544-AA62-4B73-BC86-EB25D49676DB}.Debug|Any CPU.ActiveCfg = Debug|Any CPU
		{75094544-AA62-4B73-BC86-EB25D49676DB}.Debug|Any CPU.Build.0 = Debug|Any CPU
		{75094544-AA62-4B73-BC86-EB25D49676DB}.Release|Any CPU.ActiveCfg = Release|Any CPU
		{75094544-AA62-4B73-BC86-EB25D49676DB}.Release|Any CPU.Build.0 = Release|Any CPU
		{A101CE43-A583-48FE-B142-65094B5A5D14}.Debug|Any CPU.ActiveCfg = Debug|Any CPU
		{A101CE43-A583-48FE-B142-65094B5A5D14}.Debug|Any CPU.Build.0 = Debug|Any CPU
		{A101CE43-A583-48FE-B142-65094B5A5D14}.Release|Any CPU.ActiveCfg = Release|Any CPU
		{A101CE43-A583-48FE-B142-65094B5A5D14}.Release|Any CPU.Build.0 = Release|Any CPU
		{19C77A4C-0B59-4F0D-9C4B-0568DE023EE5}.Debug|Any CPU.ActiveCfg = Debug|Any CPU
		{19C77A4C-0B59-4F0D-9C4B-0568DE023EE5}.Debug|Any CPU.Build.0 = Debug|Any CPU
		{19C77A4C-0B59-4F0D-9C4B-0568DE023EE5}.Release|Any CPU.ActiveCfg = Release|Any CPU
		{19C77A4C-0B59-4F0D-9C4B-0568DE023EE5}.Release|Any CPU.Build.0 = Release|Any CPU
		{D0C721FD-442F-4494-BEB8-38194B12B4D7}.Debug|Any CPU.ActiveCfg = Debug|Any CPU
		{D0C721FD-442F-4494-BEB8-38194B12B4D7}.Debug|Any CPU.Build.0 = Debug|Any CPU
		{D0C721FD-442F-4494-BEB8-38194B12B4D7}.Release|Any CPU.ActiveCfg = Release|Any CPU
		{D0C721FD-442F-4494-BEB8-38194B12B4D7}.Release|Any CPU.Build.0 = Release|Any CPU
		{F1B61A03-9285-420D-BC3F-0AF153EFA53E}.Debug|Any CPU.ActiveCfg = Debug|Any CPU
		{F1B61A03-9285-420D-BC3F-0AF153EFA53E}.Debug|Any CPU.Build.0 = Debug|Any CPU
		{F1B61A03-9285-420D-BC3F-0AF153EFA53E}.Release|Any CPU.ActiveCfg = Release|Any CPU
		{F1B61A03-9285-420D-BC3F-0AF153EFA53E}.Release|Any CPU.Build.0 = Release|Any CPU
		{B22C81F4-A925-4489-8D66-ECF4C5229364}.Debug|Any CPU.ActiveCfg = Debug|Any CPU
		{B22C81F4-A925-4489-8D66-ECF4C5229364}.Debug|Any CPU.Build.0 = Debug|Any CPU
		{B22C81F4-A925-4489-8D66-ECF4C5229364}.Release|Any CPU.ActiveCfg = Release|Any CPU
		{B22C81F4-A925-4489-8D66-ECF4C5229364}.Release|Any CPU.Build.0 = Release|Any CPU
		{96F09CB5-5429-4C5F-88AE-CD094325194C}.Debug|Any CPU.ActiveCfg = Debug|Any CPU
		{96F09CB5-5429-4C5F-88AE-CD094325194C}.Debug|Any CPU.Build.0 = Debug|Any CPU
		{96F09CB5-5429-4C5F-88AE-CD094325194C}.Release|Any CPU.ActiveCfg = Release|Any CPU
		{96F09CB5-5429-4C5F-88AE-CD094325194C}.Release|Any CPU.Build.0 = Release|Any CPU
		{34B3AE6E-974E-4D89-8016-F65B1375A292}.Debug|Any CPU.ActiveCfg = Debug|Any CPU
		{34B3AE6E-974E-4D89-8016-F65B1375A292}.Debug|Any CPU.Build.0 = Debug|Any CPU
		{34B3AE6E-974E-4D89-8016-F65B1375A292}.Release|Any CPU.ActiveCfg = Release|Any CPU
		{34B3AE6E-974E-4D89-8016-F65B1375A292}.Release|Any CPU.Build.0 = Release|Any CPU
		{096B9AC2-DF47-4A9F-A269-29055971E014}.Debug|Any CPU.ActiveCfg = Debug|Any CPU
		{096B9AC2-DF47-4A9F-A269-29055971E014}.Debug|Any CPU.Build.0 = Debug|Any CPU
		{096B9AC2-DF47-4A9F-A269-29055971E014}.Release|Any CPU.ActiveCfg = Release|Any CPU
		{096B9AC2-DF47-4A9F-A269-29055971E014}.Release|Any CPU.Build.0 = Release|Any CPU
		{0E3CD460-F457-40CC-863A-4503C5461780}.Debug|Any CPU.ActiveCfg = Debug|Any CPU
		{0E3CD460-F457-40CC-863A-4503C5461780}.Debug|Any CPU.Build.0 = Debug|Any CPU
		{0E3CD460-F457-40CC-863A-4503C5461780}.Release|Any CPU.ActiveCfg = Release|Any CPU
		{0E3CD460-F457-40CC-863A-4503C5461780}.Release|Any CPU.Build.0 = Release|Any CPU
		{DFB04A65-9E85-4B45-817B-3C198F101DA6}.Debug|Any CPU.ActiveCfg = Debug|Any CPU
		{DFB04A65-9E85-4B45-817B-3C198F101DA6}.Debug|Any CPU.Build.0 = Debug|Any CPU
		{DFB04A65-9E85-4B45-817B-3C198F101DA6}.Release|Any CPU.ActiveCfg = Release|Any CPU
		{DFB04A65-9E85-4B45-817B-3C198F101DA6}.Release|Any CPU.Build.0 = Release|Any CPU
		{4CFD3778-98EC-4D7B-9250-C20C02F4D9C2}.Debug|Any CPU.ActiveCfg = Debug|Any CPU
		{4CFD3778-98EC-4D7B-9250-C20C02F4D9C2}.Debug|Any CPU.Build.0 = Debug|Any CPU
		{4CFD3778-98EC-4D7B-9250-C20C02F4D9C2}.Release|Any CPU.ActiveCfg = Release|Any CPU
		{4CFD3778-98EC-4D7B-9250-C20C02F4D9C2}.Release|Any CPU.Build.0 = Release|Any CPU
		{308193F1-55ED-424A-910D-96F89F3D7CBC}.Debug|Any CPU.ActiveCfg = Debug|Any CPU
		{308193F1-55ED-424A-910D-96F89F3D7CBC}.Debug|Any CPU.Build.0 = Debug|Any CPU
		{308193F1-55ED-424A-910D-96F89F3D7CBC}.Release|Any CPU.ActiveCfg = Release|Any CPU
		{308193F1-55ED-424A-910D-96F89F3D7CBC}.Release|Any CPU.Build.0 = Release|Any CPU
		{5F63EFA9-59A0-4A54-B022-B236058ACD83}.Debug|Any CPU.ActiveCfg = Debug|Any CPU
		{5F63EFA9-59A0-4A54-B022-B236058ACD83}.Debug|Any CPU.Build.0 = Debug|Any CPU
		{5F63EFA9-59A0-4A54-B022-B236058ACD83}.Release|Any CPU.ActiveCfg = Release|Any CPU
		{5F63EFA9-59A0-4A54-B022-B236058ACD83}.Release|Any CPU.Build.0 = Release|Any CPU
		{323F75A7-A02D-4FFA-9954-0C32B1975F0D}.Debug|Any CPU.ActiveCfg = Debug|Any CPU
		{323F75A7-A02D-4FFA-9954-0C32B1975F0D}.Debug|Any CPU.Build.0 = Debug|Any CPU
		{323F75A7-A02D-4FFA-9954-0C32B1975F0D}.Release|Any CPU.ActiveCfg = Release|Any CPU
		{323F75A7-A02D-4FFA-9954-0C32B1975F0D}.Release|Any CPU.Build.0 = Release|Any CPU
		{84508AD1-1ADD-4BF6-B714-2CE81A60A78E}.Debug|Any CPU.ActiveCfg = Debug|Any CPU
		{84508AD1-1ADD-4BF6-B714-2CE81A60A78E}.Debug|Any CPU.Build.0 = Debug|Any CPU
		{84508AD1-1ADD-4BF6-B714-2CE81A60A78E}.Release|Any CPU.ActiveCfg = Release|Any CPU
		{84508AD1-1ADD-4BF6-B714-2CE81A60A78E}.Release|Any CPU.Build.0 = Release|Any CPU
		{FC3A9074-BFDA-49DC-B6E2-62B91246756C}.Debug|Any CPU.ActiveCfg = Debug|Any CPU
		{FC3A9074-BFDA-49DC-B6E2-62B91246756C}.Debug|Any CPU.Build.0 = Debug|Any CPU
		{FC3A9074-BFDA-49DC-B6E2-62B91246756C}.Release|Any CPU.ActiveCfg = Release|Any CPU
		{FC3A9074-BFDA-49DC-B6E2-62B91246756C}.Release|Any CPU.Build.0 = Release|Any CPU
		{2F738484-D50C-4018-9B2A-7426A178CA52}.Debug|Any CPU.ActiveCfg = Debug|Any CPU
		{2F738484-D50C-4018-9B2A-7426A178CA52}.Debug|Any CPU.Build.0 = Debug|Any CPU
		{2F738484-D50C-4018-9B2A-7426A178CA52}.Release|Any CPU.ActiveCfg = Release|Any CPU
		{2F738484-D50C-4018-9B2A-7426A178CA52}.Release|Any CPU.Build.0 = Release|Any CPU
		{83219E33-0B42-412E-B4E0-3214261EE03C}.Debug|Any CPU.ActiveCfg = Debug|Any CPU
		{83219E33-0B42-412E-B4E0-3214261EE03C}.Debug|Any CPU.Build.0 = Debug|Any CPU
		{83219E33-0B42-412E-B4E0-3214261EE03C}.Release|Any CPU.ActiveCfg = Release|Any CPU
		{83219E33-0B42-412E-B4E0-3214261EE03C}.Release|Any CPU.Build.0 = Release|Any CPU
		{1DDABB01-D233-4AFB-9A07-5D464651B592}.Debug|Any CPU.ActiveCfg = Debug|Any CPU
		{1DDABB01-D233-4AFB-9A07-5D464651B592}.Debug|Any CPU.Build.0 = Debug|Any CPU
		{1DDABB01-D233-4AFB-9A07-5D464651B592}.Release|Any CPU.ActiveCfg = Release|Any CPU
		{1DDABB01-D233-4AFB-9A07-5D464651B592}.Release|Any CPU.Build.0 = Release|Any CPU
		{5B20F054-9B62-4A16-86D7-49F1843E016C}.Debug|Any CPU.ActiveCfg = Debug|Any CPU
		{5B20F054-9B62-4A16-86D7-49F1843E016C}.Debug|Any CPU.Build.0 = Debug|Any CPU
		{5B20F054-9B62-4A16-86D7-49F1843E016C}.Release|Any CPU.ActiveCfg = Release|Any CPU
		{5B20F054-9B62-4A16-86D7-49F1843E016C}.Release|Any CPU.Build.0 = Release|Any CPU
		{090FC2AD-C793-446F-B376-22A809904875}.Debug|Any CPU.ActiveCfg = Debug|Any CPU
		{090FC2AD-C793-446F-B376-22A809904875}.Debug|Any CPU.Build.0 = Debug|Any CPU
		{090FC2AD-C793-446F-B376-22A809904875}.Release|Any CPU.ActiveCfg = Release|Any CPU
		{090FC2AD-C793-446F-B376-22A809904875}.Release|Any CPU.Build.0 = Release|Any CPU
		{4A4B6B7B-0B66-4F1C-8B7A-3A3DEEF28809}.Debug|Any CPU.ActiveCfg = Debug|Any CPU
		{4A4B6B7B-0B66-4F1C-8B7A-3A3DEEF28809}.Debug|Any CPU.Build.0 = Debug|Any CPU
		{4A4B6B7B-0B66-4F1C-8B7A-3A3DEEF28809}.Release|Any CPU.ActiveCfg = Release|Any CPU
		{4A4B6B7B-0B66-4F1C-8B7A-3A3DEEF28809}.Release|Any CPU.Build.0 = Release|Any CPU
		{455A3481-8E5C-4BCE-8AF6-2262B5F834AA}.Debug|Any CPU.ActiveCfg = Debug|Any CPU
		{455A3481-8E5C-4BCE-8AF6-2262B5F834AA}.Debug|Any CPU.Build.0 = Debug|Any CPU
		{455A3481-8E5C-4BCE-8AF6-2262B5F834AA}.Release|Any CPU.ActiveCfg = Release|Any CPU
		{455A3481-8E5C-4BCE-8AF6-2262B5F834AA}.Release|Any CPU.Build.0 = Release|Any CPU
		{38CF1218-8EB6-484E-8431-24EC143FD608}.Debug|Any CPU.ActiveCfg = Debug|Any CPU
		{38CF1218-8EB6-484E-8431-24EC143FD608}.Debug|Any CPU.Build.0 = Debug|Any CPU
		{38CF1218-8EB6-484E-8431-24EC143FD608}.Release|Any CPU.ActiveCfg = Release|Any CPU
		{38CF1218-8EB6-484E-8431-24EC143FD608}.Release|Any CPU.Build.0 = Release|Any CPU
		{F18D356C-AA69-4142-AEED-EA3B74DB9191}.Debug|Any CPU.ActiveCfg = Debug|Any CPU
		{F18D356C-AA69-4142-AEED-EA3B74DB9191}.Debug|Any CPU.Build.0 = Debug|Any CPU
		{F18D356C-AA69-4142-AEED-EA3B74DB9191}.Release|Any CPU.ActiveCfg = Release|Any CPU
		{F18D356C-AA69-4142-AEED-EA3B74DB9191}.Release|Any CPU.Build.0 = Release|Any CPU
		{DD69FB63-6159-4F7B-A8F4-965D1D14CEAF}.Debug|Any CPU.ActiveCfg = Debug|Any CPU
		{DD69FB63-6159-4F7B-A8F4-965D1D14CEAF}.Debug|Any CPU.Build.0 = Debug|Any CPU
		{DD69FB63-6159-4F7B-A8F4-965D1D14CEAF}.Release|Any CPU.ActiveCfg = Release|Any CPU
		{DD69FB63-6159-4F7B-A8F4-965D1D14CEAF}.Release|Any CPU.Build.0 = Release|Any CPU
		{FB7FC3EE-AA62-44DC-9689-20685E10D955}.Debug|Any CPU.ActiveCfg = Debug|Any CPU
		{FB7FC3EE-AA62-44DC-9689-20685E10D955}.Debug|Any CPU.Build.0 = Debug|Any CPU
		{FB7FC3EE-AA62-44DC-9689-20685E10D955}.Release|Any CPU.ActiveCfg = Release|Any CPU
		{FB7FC3EE-AA62-44DC-9689-20685E10D955}.Release|Any CPU.Build.0 = Release|Any CPU
		{90769F3C-80A0-4CE2-82D8-D74E60802DB4}.Debug|Any CPU.ActiveCfg = Debug|Any CPU
		{90769F3C-80A0-4CE2-82D8-D74E60802DB4}.Debug|Any CPU.Build.0 = Debug|Any CPU
		{90769F3C-80A0-4CE2-82D8-D74E60802DB4}.Release|Any CPU.ActiveCfg = Release|Any CPU
		{90769F3C-80A0-4CE2-82D8-D74E60802DB4}.Release|Any CPU.Build.0 = Release|Any CPU
		{5980AC1B-F444-462E-A98B-D286E594D46B}.Debug|Any CPU.ActiveCfg = Debug|Any CPU
		{5980AC1B-F444-462E-A98B-D286E594D46B}.Debug|Any CPU.Build.0 = Debug|Any CPU
		{5980AC1B-F444-462E-A98B-D286E594D46B}.Release|Any CPU.ActiveCfg = Release|Any CPU
		{5980AC1B-F444-462E-A98B-D286E594D46B}.Release|Any CPU.Build.0 = Release|Any CPU
		{CC0B5E51-3628-4609-A11D-8CBD22783495}.Debug|Any CPU.ActiveCfg = Debug|Any CPU
		{CC0B5E51-3628-4609-A11D-8CBD22783495}.Debug|Any CPU.Build.0 = Debug|Any CPU
		{CC0B5E51-3628-4609-A11D-8CBD22783495}.Release|Any CPU.ActiveCfg = Release|Any CPU
		{CC0B5E51-3628-4609-A11D-8CBD22783495}.Release|Any CPU.Build.0 = Release|Any CPU
		{5CB97DC1-C1D6-460F-A049-BC1BE7862FE1}.Debug|Any CPU.ActiveCfg = Debug|Any CPU
		{5CB97DC1-C1D6-460F-A049-BC1BE7862FE1}.Debug|Any CPU.Build.0 = Debug|Any CPU
		{5CB97DC1-C1D6-460F-A049-BC1BE7862FE1}.Release|Any CPU.ActiveCfg = Release|Any CPU
		{5CB97DC1-C1D6-460F-A049-BC1BE7862FE1}.Release|Any CPU.Build.0 = Release|Any CPU
		{576E7DC6-B60B-4F96-83B0-2A7AEA94EA3C}.Debug|Any CPU.ActiveCfg = Debug|Any CPU
		{576E7DC6-B60B-4F96-83B0-2A7AEA94EA3C}.Debug|Any CPU.Build.0 = Debug|Any CPU
		{576E7DC6-B60B-4F96-83B0-2A7AEA94EA3C}.Release|Any CPU.ActiveCfg = Release|Any CPU
		{576E7DC6-B60B-4F96-83B0-2A7AEA94EA3C}.Release|Any CPU.Build.0 = Release|Any CPU
		{B709C59D-59AD-4B9B-846A-4CDD18D87F15}.Debug|Any CPU.ActiveCfg = Debug|Any CPU
		{B709C59D-59AD-4B9B-846A-4CDD18D87F15}.Debug|Any CPU.Build.0 = Debug|Any CPU
		{B709C59D-59AD-4B9B-846A-4CDD18D87F15}.Release|Any CPU.ActiveCfg = Release|Any CPU
		{B709C59D-59AD-4B9B-846A-4CDD18D87F15}.Release|Any CPU.Build.0 = Release|Any CPU
		{507E6BA9-935E-4291-A5F6-C524B60A3B7E}.Debug|Any CPU.ActiveCfg = Debug|Any CPU
		{507E6BA9-935E-4291-A5F6-C524B60A3B7E}.Debug|Any CPU.Build.0 = Debug|Any CPU
		{507E6BA9-935E-4291-A5F6-C524B60A3B7E}.Release|Any CPU.ActiveCfg = Release|Any CPU
		{507E6BA9-935E-4291-A5F6-C524B60A3B7E}.Release|Any CPU.Build.0 = Release|Any CPU
		{3975FDE6-9C7D-4273-9F6F-EBA3964F7004}.Debug|Any CPU.ActiveCfg = Debug|Any CPU
		{3975FDE6-9C7D-4273-9F6F-EBA3964F7004}.Debug|Any CPU.Build.0 = Debug|Any CPU
		{3975FDE6-9C7D-4273-9F6F-EBA3964F7004}.Release|Any CPU.ActiveCfg = Release|Any CPU
		{3975FDE6-9C7D-4273-9F6F-EBA3964F7004}.Release|Any CPU.Build.0 = Release|Any CPU
		{F9FCA429-06DE-41C2-AAD0-99B92E4F3F9A}.Debug|Any CPU.ActiveCfg = Debug|Any CPU
		{F9FCA429-06DE-41C2-AAD0-99B92E4F3F9A}.Debug|Any CPU.Build.0 = Debug|Any CPU
		{F9FCA429-06DE-41C2-AAD0-99B92E4F3F9A}.Release|Any CPU.ActiveCfg = Release|Any CPU
		{F9FCA429-06DE-41C2-AAD0-99B92E4F3F9A}.Release|Any CPU.Build.0 = Release|Any CPU
		{E7A6A0B7-81E9-406F-8EAF-3F79154DAB32}.Debug|Any CPU.ActiveCfg = Debug|Any CPU
		{E7A6A0B7-81E9-406F-8EAF-3F79154DAB32}.Debug|Any CPU.Build.0 = Debug|Any CPU
		{E7A6A0B7-81E9-406F-8EAF-3F79154DAB32}.Release|Any CPU.ActiveCfg = Release|Any CPU
		{E7A6A0B7-81E9-406F-8EAF-3F79154DAB32}.Release|Any CPU.Build.0 = Release|Any CPU
		{F58DBBA7-727F-4155-802C-E205FCAB41D4}.Debug|Any CPU.ActiveCfg = Debug|Any CPU
		{F58DBBA7-727F-4155-802C-E205FCAB41D4}.Debug|Any CPU.Build.0 = Debug|Any CPU
		{F58DBBA7-727F-4155-802C-E205FCAB41D4}.Release|Any CPU.ActiveCfg = Release|Any CPU
		{F58DBBA7-727F-4155-802C-E205FCAB41D4}.Release|Any CPU.Build.0 = Release|Any CPU
		{A1191BE2-9E28-4957-A6D5-047CDD163E05}.Debug|Any CPU.ActiveCfg = Debug|Any CPU
		{A1191BE2-9E28-4957-A6D5-047CDD163E05}.Debug|Any CPU.Build.0 = Debug|Any CPU
		{A1191BE2-9E28-4957-A6D5-047CDD163E05}.Release|Any CPU.ActiveCfg = Release|Any CPU
		{A1191BE2-9E28-4957-A6D5-047CDD163E05}.Release|Any CPU.Build.0 = Release|Any CPU
		{3B632A45-2DBB-417D-9040-F8EA6339BBCC}.Debug|Any CPU.ActiveCfg = Debug|Any CPU
		{3B632A45-2DBB-417D-9040-F8EA6339BBCC}.Debug|Any CPU.Build.0 = Debug|Any CPU
		{3B632A45-2DBB-417D-9040-F8EA6339BBCC}.Release|Any CPU.ActiveCfg = Release|Any CPU
		{3B632A45-2DBB-417D-9040-F8EA6339BBCC}.Release|Any CPU.Build.0 = Release|Any CPU
		{1A7FB670-4C67-47BE-890C-02EEE54FD540}.Debug|Any CPU.ActiveCfg = Debug|Any CPU
		{1A7FB670-4C67-47BE-890C-02EEE54FD540}.Debug|Any CPU.Build.0 = Debug|Any CPU
		{1A7FB670-4C67-47BE-890C-02EEE54FD540}.Release|Any CPU.ActiveCfg = Release|Any CPU
		{1A7FB670-4C67-47BE-890C-02EEE54FD540}.Release|Any CPU.Build.0 = Release|Any CPU
		{5D83F979-DB86-4C04-99C2-8AB763FBFEA1}.Debug|Any CPU.ActiveCfg = Debug|Any CPU
		{5D83F979-DB86-4C04-99C2-8AB763FBFEA1}.Debug|Any CPU.Build.0 = Debug|Any CPU
		{5D83F979-DB86-4C04-99C2-8AB763FBFEA1}.Release|Any CPU.ActiveCfg = Release|Any CPU
		{5D83F979-DB86-4C04-99C2-8AB763FBFEA1}.Release|Any CPU.Build.0 = Release|Any CPU
		{A8DAFEB8-4AB2-4B6C-8EAF-486A4D7F9F35}.Debug|Any CPU.ActiveCfg = Debug|Any CPU
		{A8DAFEB8-4AB2-4B6C-8EAF-486A4D7F9F35}.Debug|Any CPU.Build.0 = Debug|Any CPU
		{A8DAFEB8-4AB2-4B6C-8EAF-486A4D7F9F35}.Release|Any CPU.ActiveCfg = Release|Any CPU
		{A8DAFEB8-4AB2-4B6C-8EAF-486A4D7F9F35}.Release|Any CPU.Build.0 = Release|Any CPU
		{022138D0-AE79-42C6-B76F-8D211CECEC13}.Debug|Any CPU.ActiveCfg = Debug|Any CPU
		{022138D0-AE79-42C6-B76F-8D211CECEC13}.Debug|Any CPU.Build.0 = Debug|Any CPU
		{022138D0-AE79-42C6-B76F-8D211CECEC13}.Release|Any CPU.ActiveCfg = Release|Any CPU
		{022138D0-AE79-42C6-B76F-8D211CECEC13}.Release|Any CPU.Build.0 = Release|Any CPU
		{64D553A5-7824-4405-A3B6-943B4E344816}.Debug|Any CPU.ActiveCfg = Debug|Any CPU
		{64D553A5-7824-4405-A3B6-943B4E344816}.Debug|Any CPU.Build.0 = Debug|Any CPU
		{64D553A5-7824-4405-A3B6-943B4E344816}.Release|Any CPU.ActiveCfg = Release|Any CPU
		{64D553A5-7824-4405-A3B6-943B4E344816}.Release|Any CPU.Build.0 = Release|Any CPU
		{63184AD7-C2E8-45AF-8378-A0EFA8C8DE75}.Debug|Any CPU.ActiveCfg = Debug|Any CPU
		{63184AD7-C2E8-45AF-8378-A0EFA8C8DE75}.Debug|Any CPU.Build.0 = Debug|Any CPU
		{63184AD7-C2E8-45AF-8378-A0EFA8C8DE75}.Release|Any CPU.ActiveCfg = Release|Any CPU
		{63184AD7-C2E8-45AF-8378-A0EFA8C8DE75}.Release|Any CPU.Build.0 = Release|Any CPU
		{76525283-4997-4546-ACF4-9512C05BF33A}.Debug|Any CPU.ActiveCfg = Debug|Any CPU
		{76525283-4997-4546-ACF4-9512C05BF33A}.Debug|Any CPU.Build.0 = Debug|Any CPU
		{76525283-4997-4546-ACF4-9512C05BF33A}.Release|Any CPU.ActiveCfg = Release|Any CPU
		{76525283-4997-4546-ACF4-9512C05BF33A}.Release|Any CPU.Build.0 = Release|Any CPU
		{FFDF4310-679A-44FD-B2F1-72B6B41C36AB}.Debug|Any CPU.ActiveCfg = Debug|Any CPU
		{FFDF4310-679A-44FD-B2F1-72B6B41C36AB}.Debug|Any CPU.Build.0 = Debug|Any CPU
		{FFDF4310-679A-44FD-B2F1-72B6B41C36AB}.Release|Any CPU.ActiveCfg = Release|Any CPU
		{FFDF4310-679A-44FD-B2F1-72B6B41C36AB}.Release|Any CPU.Build.0 = Release|Any CPU
		{FA3AA089-DEE5-4428-A880-EDDBAD653A63}.Debug|Any CPU.ActiveCfg = Debug|Any CPU
		{FA3AA089-DEE5-4428-A880-EDDBAD653A63}.Debug|Any CPU.Build.0 = Debug|Any CPU
		{FA3AA089-DEE5-4428-A880-EDDBAD653A63}.Release|Any CPU.ActiveCfg = Release|Any CPU
		{FA3AA089-DEE5-4428-A880-EDDBAD653A63}.Release|Any CPU.Build.0 = Release|Any CPU
		{420786AA-92DC-4B19-A8E3-67293C4EF388}.Debug|Any CPU.ActiveCfg = Debug|Any CPU
		{420786AA-92DC-4B19-A8E3-67293C4EF388}.Debug|Any CPU.Build.0 = Debug|Any CPU
		{420786AA-92DC-4B19-A8E3-67293C4EF388}.Release|Any CPU.ActiveCfg = Release|Any CPU
		{420786AA-92DC-4B19-A8E3-67293C4EF388}.Release|Any CPU.Build.0 = Release|Any CPU
		{5B28FD95-7804-4DF4-A3A8-5F7641FD4B3C}.Debug|Any CPU.ActiveCfg = Debug|Any CPU
		{5B28FD95-7804-4DF4-A3A8-5F7641FD4B3C}.Debug|Any CPU.Build.0 = Debug|Any CPU
		{5B28FD95-7804-4DF4-A3A8-5F7641FD4B3C}.Release|Any CPU.ActiveCfg = Release|Any CPU
		{5B28FD95-7804-4DF4-A3A8-5F7641FD4B3C}.Release|Any CPU.Build.0 = Release|Any CPU
		{66628880-5E09-46B2-B805-BFD45ED142B3}.Debug|Any CPU.ActiveCfg = Debug|Any CPU
		{66628880-5E09-46B2-B805-BFD45ED142B3}.Debug|Any CPU.Build.0 = Debug|Any CPU
		{66628880-5E09-46B2-B805-BFD45ED142B3}.Release|Any CPU.ActiveCfg = Release|Any CPU
		{66628880-5E09-46B2-B805-BFD45ED142B3}.Release|Any CPU.Build.0 = Release|Any CPU
		{B05820A4-0171-4BA5-92FF-3F491C7ACDEC}.Debug|Any CPU.ActiveCfg = Debug|Any CPU
		{B05820A4-0171-4BA5-92FF-3F491C7ACDEC}.Debug|Any CPU.Build.0 = Debug|Any CPU
		{B05820A4-0171-4BA5-92FF-3F491C7ACDEC}.Release|Any CPU.ActiveCfg = Release|Any CPU
		{B05820A4-0171-4BA5-92FF-3F491C7ACDEC}.Release|Any CPU.Build.0 = Release|Any CPU
	EndGlobalSection
	GlobalSection(SolutionProperties) = preSolution
		HideSolutionNode = FALSE
	EndGlobalSection
	GlobalSection(DPCodeReviewSolutionGUID) = preSolution
		DPCodeReviewSolutionGUID = {3CCEAC45-2862-4F71-893C-5FB860FB17E3}
	EndGlobalSection
EndGlobal
